
Microsoft Visual Studio Solution File, Format Version 12.00
# Visual Studio Version 16
VisualStudioVersion = 16.0.31605.320
MinimumVisualStudioVersion = 10.0.40219.1
Project("{9A19103F-16F7-4668-BE54-9A1E7A4F7556}") = "FirstGameMode", "FirstGameMode\FirstGameMode.csproj", "{212B1A61-0C03-4B0E-A53C-2CC6B667E0DA}"
EndProject
Global
	GlobalSection(SolutionConfigurationPlatforms) = preSolution
		Debug|Any CPU = Debug|Any CPU
		Release|Any CPU = Release|Any CPU
	EndGlobalSection
	GlobalSection(ProjectConfigurationPlatforms) = postSolution
		{212B1A61-0C03-4B0E-A53C-2CC6B667E0DA}.Debug|Any CPU.ActiveCfg = Debug|Any CPU
		{212B1A61-0C03-4B0E-A53C-2CC6B667E0DA}.Debug|Any CPU.Build.0 = Debug|Any CPU
		{212B1A61-0C03-4B0E-A53C-2CC6B667E0DA}.Release|Any CPU.ActiveCfg = Release|Any CPU
		{212B1A61-0C03-4B0E-A53C-2CC6B667E0DA}.Release|Any CPU.Build.0 = Release|Any CPU
	EndGlobalSection
	GlobalSection(SolutionProperties) = preSolution
		HideSolutionNode = FALSE
	EndGlobalSection
	GlobalSection(ExtensibilityGlobals) = postSolution
		SolutionGuid = {3C329584-BE48-469B-85D8-FD24F47BD033}
	EndGlobalSection
EndGlobal
