
Microsoft Visual Studio Solution File, Format Version 12.00
# Visual Studio Version 17
VisualStudioVersion = 17.0.31717.71
MinimumVisualStudioVersion = 10.0.40219.1
Project("{FAE04EC0-301F-11D3-BF4B-00C04F79EFBC}") = "FirstScript", "FirstScript\FirstScript.csproj", "{9524435E-24F3-4BDB-B7AA-351A00C2D209}"
EndProject
Global
	GlobalSection(SolutionConfigurationPlatforms) = preSolution
		Debug|Any CPU = Debug|Any CPU
		Release|Any CPU = Release|Any CPU
	EndGlobalSection
	GlobalSection(ProjectConfigurationPlatforms) = postSolution
		{9524435E-24F3-4BDB-B7AA-351A00C2D209}.Debug|Any CPU.ActiveCfg = Debug|Any CPU
		{9524435E-24F3-4BDB-B7AA-351A00C2D209}.Debug|Any CPU.Build.0 = Debug|Any CPU
		{9524435E-24F3-4BDB-B7AA-351A00C2D209}.Release|Any CPU.ActiveCfg = Release|Any CPU
		{9524435E-24F3-4BDB-B7AA-351A00C2D209}.Release|Any CPU.Build.0 = Release|Any CPU
	EndGlobalSection
	GlobalSection(SolutionProperties) = preSolution
		HideSolutionNode = FALSE
	EndGlobalSection
	GlobalSection(ExtensibilityGlobals) = postSolution
		SolutionGuid = {398E3E84-30E0-408E-89E5-91CB0F001E14}
	EndGlobalSection
EndGlobal
